// !$*UTF8*$!
{
	archiveVersion = 1;
	classes = {
	};
	objectVersion = 56;
	objects = {

/* Begin PBXBuildFile section */
		AB3D49CA29641186006DBE9F /* Section.swift in Sources */ = {isa = PBXBuildFile; fileRef = AB3D49C929641186006DBE9F /* Section.swift */; };
		AB3D49CE29641E7E006DBE9F /* String+Extensions.swift in Sources */ = {isa = PBXBuildFile; fileRef = AB3D49CD29641E7E006DBE9F /* String+Extensions.swift */; };
		AB45D50E297FD835005DB576 /* RequestModel.swift in Sources */ = {isa = PBXBuildFile; fileRef = AB45D50D297FD835005DB576 /* RequestModel.swift */; };
		AB45D51129813EFB005DB576 /* APIError.swift in Sources */ = {isa = PBXBuildFile; fileRef = AB45D51029813EFB005DB576 /* APIError.swift */; };
		AB9045C529471C5D0056C36F /* AppDelegate.swift in Sources */ = {isa = PBXBuildFile; fileRef = AB9045C429471C5D0056C36F /* AppDelegate.swift */; };
		AB9045C729471C5D0056C36F /* SceneDelegate.swift in Sources */ = {isa = PBXBuildFile; fileRef = AB9045C629471C5D0056C36F /* SceneDelegate.swift */; };
		AB9045C929471C5D0056C36F /* HomeController.swift in Sources */ = {isa = PBXBuildFile; fileRef = AB9045C829471C5D0056C36F /* HomeController.swift */; };
		AB9045CE29471C5E0056C36F /* Assets.xcassets in Resources */ = {isa = PBXBuildFile; fileRef = AB9045CD29471C5E0056C36F /* Assets.xcassets */; };
		AB9045D129471C5E0056C36F /* LaunchScreen.storyboard in Resources */ = {isa = PBXBuildFile; fileRef = AB9045CF29471C5E0056C36F /* LaunchScreen.storyboard */; };
		AB9045DB2947252B0056C36F /* NetworkManager.swift in Sources */ = {isa = PBXBuildFile; fileRef = AB9045DA2947252B0056C36F /* NetworkManager.swift */; };
		AB9045E12947433E0056C36F /* UIView+Extensions.swift in Sources */ = {isa = PBXBuildFile; fileRef = AB9045E02947433E0056C36F /* UIView+Extensions.swift */; };
		AB9045E5294756EC0056C36F /* HomeCollectionViewCellViewModel.swift in Sources */ = {isa = PBXBuildFile; fileRef = AB9045E4294756EC0056C36F /* HomeCollectionViewCellViewModel.swift */; };
		AB9045E729475C550056C36F /* HomeCollectionViewCell.swift in Sources */ = {isa = PBXBuildFile; fileRef = AB9045E629475C550056C36F /* HomeCollectionViewCell.swift */; };
		AB9045E9294760440056C36F /* UIImageView+Extension.swift in Sources */ = {isa = PBXBuildFile; fileRef = AB9045E8294760440056C36F /* UIImageView+Extension.swift */; };
		AB9045EC2948AB940056C36F /* LocationData.swift in Sources */ = {isa = PBXBuildFile; fileRef = AB9045EB2948AB940056C36F /* LocationData.swift */; };
		AB9045EE2948AD070056C36F /* LocationModel.swift in Sources */ = {isa = PBXBuildFile; fileRef = AB9045ED2948AD070056C36F /* LocationModel.swift */; };
		ABB76ED42983BD490090B774 /* CityNameRequestModel.swift in Sources */ = {isa = PBXBuildFile; fileRef = ABB76ED32983BD490090B774 /* CityNameRequestModel.swift */; };
		ABB76ED62983BDCC0090B774 /* CoordinateRequestModel.swift in Sources */ = {isa = PBXBuildFile; fileRef = ABB76ED52983BDCC0090B774 /* CoordinateRequestModel.swift */; };
		ABB76EDB2983C1420090B774 /* CoordinateAPI.swift in Sources */ = {isa = PBXBuildFile; fileRef = ABB76EDA2983C1420090B774 /* CoordinateAPI.swift */; };
		ABB76EDD2983C1DC0090B774 /* CityNameAPI.swift in Sources */ = {isa = PBXBuildFile; fileRef = ABB76EDC2983C1DC0090B774 /* CityNameAPI.swift */; };
		ABB981DA2972B46D008095E3 /* LocationManager.swift in Sources */ = {isa = PBXBuildFile; fileRef = ABB981D92972B46D008095E3 /* LocationManager.swift */; };
		ABB981DC2972EA62008095E3 /* GeoLocationModel.swift in Sources */ = {isa = PBXBuildFile; fileRef = ABB981DB2972EA62008095E3 /* GeoLocationModel.swift */; };
		ABF63F7E29658DCB007447C8 /* Constants.swift in Sources */ = {isa = PBXBuildFile; fileRef = ABF63F7D29658DCB007447C8 /* Constants.swift */; };
		ABF63F8029658E53007447C8 /* API.swift in Sources */ = {isa = PBXBuildFile; fileRef = ABF63F7F29658E53007447C8 /* API.swift */; };
		ABF63F832966F782007447C8 /* DetailController.swift in Sources */ = {isa = PBXBuildFile; fileRef = ABF63F822966F782007447C8 /* DetailController.swift */; };
		ABF63F88296839DF007447C8 /* HomeViewModel.swift in Sources */ = {isa = PBXBuildFile; fileRef = ABF63F87296839DF007447C8 /* HomeViewModel.swift */; };
/* End PBXBuildFile section */

/* Begin PBXFileReference section */
		AB3D49C929641186006DBE9F /* Section.swift */ = {isa = PBXFileReference; lastKnownFileType = sourcecode.swift; path = Section.swift; sourceTree = "<group>"; };
		AB3D49CD29641E7E006DBE9F /* String+Extensions.swift */ = {isa = PBXFileReference; lastKnownFileType = sourcecode.swift; path = "String+Extensions.swift"; sourceTree = "<group>"; };
		AB45D50D297FD835005DB576 /* RequestModel.swift */ = {isa = PBXFileReference; lastKnownFileType = sourcecode.swift; path = RequestModel.swift; sourceTree = "<group>"; };
		AB45D51029813EFB005DB576 /* APIError.swift */ = {isa = PBXFileReference; lastKnownFileType = sourcecode.swift; path = APIError.swift; sourceTree = "<group>"; };
		AB9045C429471C5D0056C36F /* AppDelegate.swift */ = {isa = PBXFileReference; lastKnownFileType = sourcecode.swift; path = AppDelegate.swift; sourceTree = "<group>"; };
		AB9045C629471C5D0056C36F /* SceneDelegate.swift */ = {isa = PBXFileReference; lastKnownFileType = sourcecode.swift; path = SceneDelegate.swift; sourceTree = "<group>"; };
		AB9045C829471C5D0056C36F /* HomeController.swift */ = {isa = PBXFileReference; lastKnownFileType = sourcecode.swift; path = HomeController.swift; sourceTree = "<group>"; };
		AB9045CD29471C5E0056C36F /* Assets.xcassets */ = {isa = PBXFileReference; lastKnownFileType = folder.assetcatalog; path = Assets.xcassets; sourceTree = "<group>"; };
		AB9045D029471C5E0056C36F /* Base */ = {isa = PBXFileReference; lastKnownFileType = file.storyboard; name = Base; path = Base.lproj/LaunchScreen.storyboard; sourceTree = "<group>"; };
		AB9045D229471C5E0056C36F /* Info.plist */ = {isa = PBXFileReference; lastKnownFileType = text.plist.xml; path = Info.plist; sourceTree = "<group>"; };
		AB9045DA2947252B0056C36F /* NetworkManager.swift */ = {isa = PBXFileReference; lastKnownFileType = sourcecode.swift; path = NetworkManager.swift; sourceTree = "<group>"; };
		AB9045E02947433E0056C36F /* UIView+Extensions.swift */ = {isa = PBXFileReference; lastKnownFileType = sourcecode.swift; path = "UIView+Extensions.swift"; sourceTree = "<group>"; };
		AB9045E4294756EC0056C36F /* HomeCollectionViewCellViewModel.swift */ = {isa = PBXFileReference; lastKnownFileType = sourcecode.swift; path = HomeCollectionViewCellViewModel.swift; sourceTree = "<group>"; };
		AB9045E629475C550056C36F /* HomeCollectionViewCell.swift */ = {isa = PBXFileReference; lastKnownFileType = sourcecode.swift; path = HomeCollectionViewCell.swift; sourceTree = "<group>"; };
		AB9045E8294760440056C36F /* UIImageView+Extension.swift */ = {isa = PBXFileReference; lastKnownFileType = sourcecode.swift; path = "UIImageView+Extension.swift"; sourceTree = "<group>"; };
		AB9045EB2948AB940056C36F /* LocationData.swift */ = {isa = PBXFileReference; lastKnownFileType = sourcecode.swift; path = LocationData.swift; sourceTree = "<group>"; };
		AB9045ED2948AD070056C36F /* LocationModel.swift */ = {isa = PBXFileReference; lastKnownFileType = sourcecode.swift; path = LocationModel.swift; sourceTree = "<group>"; };
		ABB76ED32983BD490090B774 /* CityNameRequestModel.swift */ = {isa = PBXFileReference; lastKnownFileType = sourcecode.swift; path = CityNameRequestModel.swift; sourceTree = "<group>"; };
		ABB76ED52983BDCC0090B774 /* CoordinateRequestModel.swift */ = {isa = PBXFileReference; lastKnownFileType = sourcecode.swift; path = CoordinateRequestModel.swift; sourceTree = "<group>"; };
		ABB76EDA2983C1420090B774 /* CoordinateAPI.swift */ = {isa = PBXFileReference; lastKnownFileType = sourcecode.swift; path = CoordinateAPI.swift; sourceTree = "<group>"; };
		ABB76EDC2983C1DC0090B774 /* CityNameAPI.swift */ = {isa = PBXFileReference; lastKnownFileType = sourcecode.swift; path = CityNameAPI.swift; sourceTree = "<group>"; };
		ABB981D7297154BF008095E3 /* findfood.app */ = {isa = PBXFileReference; explicitFileType = wrapper.application; includeInIndex = 0; path = findfood.app; sourceTree = BUILT_PRODUCTS_DIR; };
		ABB981D92972B46D008095E3 /* LocationManager.swift */ = {isa = PBXFileReference; lastKnownFileType = sourcecode.swift; path = LocationManager.swift; sourceTree = "<group>"; };
		ABB981DB2972EA62008095E3 /* GeoLocationModel.swift */ = {isa = PBXFileReference; lastKnownFileType = sourcecode.swift; path = GeoLocationModel.swift; sourceTree = "<group>"; };
		ABF63F7D29658DCB007447C8 /* Constants.swift */ = {isa = PBXFileReference; lastKnownFileType = sourcecode.swift; path = Constants.swift; sourceTree = "<group>"; };
		ABF63F7F29658E53007447C8 /* API.swift */ = {isa = PBXFileReference; lastKnownFileType = sourcecode.swift; path = API.swift; sourceTree = "<group>"; };
		ABF63F822966F782007447C8 /* DetailController.swift */ = {isa = PBXFileReference; lastKnownFileType = sourcecode.swift; path = DetailController.swift; sourceTree = "<group>"; };
		ABF63F87296839DF007447C8 /* HomeViewModel.swift */ = {isa = PBXFileReference; lastKnownFileType = sourcecode.swift; path = HomeViewModel.swift; sourceTree = "<group>"; };
/* End PBXFileReference section */

/* Begin PBXFrameworksBuildPhase section */
		AB9045BE29471C5D0056C36F /* Frameworks */ = {
			isa = PBXFrameworksBuildPhase;
			buildActionMask = 2147483647;
			files = (
			);
			runOnlyForDeploymentPostprocessing = 0;
		};
/* End PBXFrameworksBuildPhase section */

/* Begin PBXGroup section */
		AB45D50C297FD81D005DB576 /* Request */ = {
			isa = PBXGroup;
			children = (
				AB45D50D297FD835005DB576 /* RequestModel.swift */,
				ABB76ED32983BD490090B774 /* CityNameRequestModel.swift */,
				ABB76ED52983BDCC0090B774 /* CoordinateRequestModel.swift */,
			);
			path = Request;
			sourceTree = "<group>";
		};
		AB45D50F29813EEE005DB576 /* Network */ = {
			isa = PBXGroup;
			children = (
				AB45D51029813EFB005DB576 /* APIError.swift */,
			);
			path = Network;
			sourceTree = "<group>";
		};
		AB9045B829471C5D0056C36F = {
			isa = PBXGroup;
			children = (
				AB9045C329471C5D0056C36F /* findfood */,
				ABB981D7297154BF008095E3 /* findfood.app */,
			);
			sourceTree = "<group>";
		};
		AB9045C329471C5D0056C36F /* findfood */ = {
			isa = PBXGroup;
			children = (
				ABB76ED72983C1230090B774 /* Network */,
				ABF63F7B29658DA2007447C8 /* Utilities */,
				AB9045EA2948AB750056C36F /* Models */,
				AB9045DF2947431E0056C36F /* Extensions */,
				AB9045D82947250D0056C36F /* Managers */,
				AB9045DC29472DA10056C36F /* Modules */,
				AB9045DD29472DE80056C36F /* Supports */,
				AB9045CD29471C5E0056C36F /* Assets.xcassets */,
			);
			path = findfood;
			sourceTree = "<group>";
		};
		AB9045D82947250D0056C36F /* Managers */ = {
			isa = PBXGroup;
			children = (
				ABB981D82972B460008095E3 /* LocationManager */,
				AB9045D9294725180056C36F /* NetworkManager */,
			);
			path = Managers;
			sourceTree = "<group>";
		};
		AB9045D9294725180056C36F /* NetworkManager */ = {
			isa = PBXGroup;
			children = (
				AB9045DA2947252B0056C36F /* NetworkManager.swift */,
			);
			path = NetworkManager;
			sourceTree = "<group>";
		};
		AB9045DC29472DA10056C36F /* Modules */ = {
			isa = PBXGroup;
			children = (
				ABF63F812966F761007447C8 /* Detail */,
				AB9045E2294752650056C36F /* Home */,
				AB9045DE29472E230056C36F /* Launchscreen */,
			);
			path = Modules;
			sourceTree = "<group>";
		};
		AB9045DD29472DE80056C36F /* Supports */ = {
			isa = PBXGroup;
			children = (
				AB9045D229471C5E0056C36F /* Info.plist */,
				AB9045C429471C5D0056C36F /* AppDelegate.swift */,
				AB9045C629471C5D0056C36F /* SceneDelegate.swift */,
			);
			path = Supports;
			sourceTree = "<group>";
		};
		AB9045DE29472E230056C36F /* Launchscreen */ = {
			isa = PBXGroup;
			children = (
				AB9045CF29471C5E0056C36F /* LaunchScreen.storyboard */,
			);
			path = Launchscreen;
			sourceTree = "<group>";
		};
		AB9045DF2947431E0056C36F /* Extensions */ = {
			isa = PBXGroup;
			children = (
				AB9045E02947433E0056C36F /* UIView+Extensions.swift */,
				AB9045E8294760440056C36F /* UIImageView+Extension.swift */,
				AB3D49CD29641E7E006DBE9F /* String+Extensions.swift */,
			);
			path = Extensions;
			sourceTree = "<group>";
		};
		AB9045E2294752650056C36F /* Home */ = {
			isa = PBXGroup;
			children = (
				AB9045C829471C5D0056C36F /* HomeController.swift */,
				ABF63F87296839DF007447C8 /* HomeViewModel.swift */,
				AB9045E3294756CA0056C36F /* Cell */,
			);
			path = Home;
			sourceTree = "<group>";
		};
		AB9045E3294756CA0056C36F /* Cell */ = {
			isa = PBXGroup;
			children = (
				AB9045E4294756EC0056C36F /* HomeCollectionViewCellViewModel.swift */,
				AB9045E629475C550056C36F /* HomeCollectionViewCell.swift */,
			);
			path = Cell;
			sourceTree = "<group>";
		};
		AB9045EA2948AB750056C36F /* Models */ = {
			isa = PBXGroup;
			children = (
				AB9045EB2948AB940056C36F /* LocationData.swift */,
				AB9045ED2948AD070056C36F /* LocationModel.swift */,
				ABB981DB2972EA62008095E3 /* GeoLocationModel.swift */,
				AB3D49C929641186006DBE9F /* Section.swift */,
				AB45D50C297FD81D005DB576 /* Request */,
			);
			path = Models;
			sourceTree = "<group>";
		};
		ABB76ED72983C1230090B774 /* Network */ = {
			isa = PBXGroup;
			children = (
				ABB76ED82983C12A0090B774 /* APIs */,
			);
			path = Network;
			sourceTree = "<group>";
		};
		ABB76ED82983C12A0090B774 /* APIs */ = {
			isa = PBXGroup;
			children = (
				ABB76EDA2983C1420090B774 /* CoordinateAPI.swift */,
				ABB76EDC2983C1DC0090B774 /* CityNameAPI.swift */,
			);
			path = APIs;
			sourceTree = "<group>";
		};
		ABB981D82972B460008095E3 /* LocationManager */ = {
			isa = PBXGroup;
			children = (
				ABB981D92972B46D008095E3 /* LocationManager.swift */,
			);
			path = LocationManager;
			sourceTree = "<group>";
		};
		ABF63F7B29658DA2007447C8 /* Utilities */ = {
			isa = PBXGroup;
			children = (
				AB45D50F29813EEE005DB576 /* Network */,
				ABF63F7C29658DB7007447C8 /* Constants */,
			);
			path = Utilities;
			sourceTree = "<group>";
		};
		ABF63F7C29658DB7007447C8 /* Constants */ = {
			isa = PBXGroup;
			children = (
				ABF63F7D29658DCB007447C8 /* Constants.swift */,
				ABF63F7F29658E53007447C8 /* API.swift */,
			);
			path = Constants;
			sourceTree = "<group>";
		};
		ABF63F812966F761007447C8 /* Detail */ = {
			isa = PBXGroup;
			children = (
				ABF63F822966F782007447C8 /* DetailController.swift */,
			);
			path = Detail;
			sourceTree = "<group>";
		};
/* End PBXGroup section */

/* Begin PBXNativeTarget section */
		AB9045C029471C5D0056C36F /* findfood */ = {
			isa = PBXNativeTarget;
			buildConfigurationList = AB9045D529471C5E0056C36F /* Build configuration list for PBXNativeTarget "findfood" */;
			buildPhases = (
				AB9045BD29471C5D0056C36F /* Sources */,
				AB9045BE29471C5D0056C36F /* Frameworks */,
				AB9045BF29471C5D0056C36F /* Resources */,
			);
			buildRules = (
			);
			dependencies = (
			);
			name = findfood;
			productName = findfood;
			productReference = ABB981D7297154BF008095E3 /* findfood.app */;
			productType = "com.apple.product-type.application";
		};
/* End PBXNativeTarget section */

/* Begin PBXProject section */
		AB9045B929471C5D0056C36F /* Project object */ = {
			isa = PBXProject;
			attributes = {
				BuildIndependentTargetsInParallel = 1;
				LastSwiftUpdateCheck = 1410;
				LastUpgradeCheck = 1410;
				TargetAttributes = {
					AB9045C029471C5D0056C36F = {
						CreatedOnToolsVersion = 14.1;
					};
				};
			};
			buildConfigurationList = AB9045BC29471C5D0056C36F /* Build configuration list for PBXProject "findfood" */;
			compatibilityVersion = "Xcode 14.0";
			developmentRegion = en;
			hasScannedForEncodings = 0;
			knownRegions = (
				en,
				Base,
			);
			mainGroup = AB9045B829471C5D0056C36F;
			productRefGroup = AB9045B829471C5D0056C36F;
			projectDirPath = "";
			projectRoot = "";
			targets = (
				AB9045C029471C5D0056C36F /* findfood */,
			);
		};
/* End PBXProject section */

/* Begin PBXResourcesBuildPhase section */
		AB9045BF29471C5D0056C36F /* Resources */ = {
			isa = PBXResourcesBuildPhase;
			buildActionMask = 2147483647;
			files = (
				AB9045D129471C5E0056C36F /* LaunchScreen.storyboard in Resources */,
				AB9045CE29471C5E0056C36F /* Assets.xcassets in Resources */,
			);
			runOnlyForDeploymentPostprocessing = 0;
		};
/* End PBXResourcesBuildPhase section */

/* Begin PBXSourcesBuildPhase section */
		AB9045BD29471C5D0056C36F /* Sources */ = {
			isa = PBXSourcesBuildPhase;
			buildActionMask = 2147483647;
			files = (
				AB9045E729475C550056C36F /* HomeCollectionViewCell.swift in Sources */,
				ABB981DA2972B46D008095E3 /* LocationManager.swift in Sources */,
				AB9045DB2947252B0056C36F /* NetworkManager.swift in Sources */,
				AB9045E12947433E0056C36F /* UIView+Extensions.swift in Sources */,
				AB45D50E297FD835005DB576 /* RequestModel.swift in Sources */,
				ABF63F88296839DF007447C8 /* HomeViewModel.swift in Sources */,
				AB9045C929471C5D0056C36F /* HomeController.swift in Sources */,
				AB3D49CE29641E7E006DBE9F /* String+Extensions.swift in Sources */,
				ABB76EDD2983C1DC0090B774 /* CityNameAPI.swift in Sources */,
				AB3D49CA29641186006DBE9F /* Section.swift in Sources */,
				AB9045C529471C5D0056C36F /* AppDelegate.swift in Sources */,
				ABF63F7E29658DCB007447C8 /* Constants.swift in Sources */,
				ABB981DC2972EA62008095E3 /* GeoLocationModel.swift in Sources */,
				ABF63F8029658E53007447C8 /* API.swift in Sources */,
				ABB76ED62983BDCC0090B774 /* CoordinateRequestModel.swift in Sources */,
				AB45D51129813EFB005DB576 /* APIError.swift in Sources */,
				AB9045E5294756EC0056C36F /* HomeCollectionViewCellViewModel.swift in Sources */,
				AB9045EC2948AB940056C36F /* LocationData.swift in Sources */,
				AB9045E9294760440056C36F /* UIImageView+Extension.swift in Sources */,
				ABF63F832966F782007447C8 /* DetailController.swift in Sources */,
				AB9045EE2948AD070056C36F /* LocationModel.swift in Sources */,
				ABB76EDB2983C1420090B774 /* CoordinateAPI.swift in Sources */,
				AB9045C729471C5D0056C36F /* SceneDelegate.swift in Sources */,
				ABB76ED42983BD490090B774 /* CityNameRequestModel.swift in Sources */,
			);
			runOnlyForDeploymentPostprocessing = 0;
		};
/* End PBXSourcesBuildPhase section */

/* Begin PBXVariantGroup section */
		AB9045CF29471C5E0056C36F /* LaunchScreen.storyboard */ = {
			isa = PBXVariantGroup;
			children = (
				AB9045D029471C5E0056C36F /* Base */,
			);
			name = LaunchScreen.storyboard;
			sourceTree = "<group>";
		};
/* End PBXVariantGroup section */

/* Begin XCBuildConfiguration section */
		AB9045D329471C5E0056C36F /* Debug */ = {
			isa = XCBuildConfiguration;
			buildSettings = {
				ALWAYS_SEARCH_USER_PATHS = NO;
				CLANG_ANALYZER_NONNULL = YES;
				CLANG_ANALYZER_NUMBER_OBJECT_CONVERSION = YES_AGGRESSIVE;
				CLANG_CXX_LANGUAGE_STANDARD = "gnu++20";
				CLANG_ENABLE_MODULES = YES;
				CLANG_ENABLE_OBJC_ARC = YES;
				CLANG_ENABLE_OBJC_WEAK = YES;
				CLANG_WARN_BLOCK_CAPTURE_AUTORELEASING = YES;
				CLANG_WARN_BOOL_CONVERSION = YES;
				CLANG_WARN_COMMA = YES;
				CLANG_WARN_CONSTANT_CONVERSION = YES;
				CLANG_WARN_DEPRECATED_OBJC_IMPLEMENTATIONS = YES;
				CLANG_WARN_DIRECT_OBJC_ISA_USAGE = YES_ERROR;
				CLANG_WARN_DOCUMENTATION_COMMENTS = YES;
				CLANG_WARN_EMPTY_BODY = YES;
				CLANG_WARN_ENUM_CONVERSION = YES;
				CLANG_WARN_INFINITE_RECURSION = YES;
				CLANG_WARN_INT_CONVERSION = YES;
				CLANG_WARN_NON_LITERAL_NULL_CONVERSION = YES;
				CLANG_WARN_OBJC_IMPLICIT_RETAIN_SELF = YES;
				CLANG_WARN_OBJC_LITERAL_CONVERSION = YES;
				CLANG_WARN_OBJC_ROOT_CLASS = YES_ERROR;
				CLANG_WARN_QUOTED_INCLUDE_IN_FRAMEWORK_HEADER = YES;
				CLANG_WARN_RANGE_LOOP_ANALYSIS = YES;
				CLANG_WARN_STRICT_PROTOTYPES = YES;
				CLANG_WARN_SUSPICIOUS_MOVE = YES;
				CLANG_WARN_UNGUARDED_AVAILABILITY = YES_AGGRESSIVE;
				CLANG_WARN_UNREACHABLE_CODE = YES;
				CLANG_WARN__DUPLICATE_METHOD_MATCH = YES;
				COPY_PHASE_STRIP = NO;
				DEBUG_INFORMATION_FORMAT = dwarf;
				ENABLE_STRICT_OBJC_MSGSEND = YES;
				ENABLE_TESTABILITY = YES;
				GCC_C_LANGUAGE_STANDARD = gnu11;
				GCC_DYNAMIC_NO_PIC = NO;
				GCC_NO_COMMON_BLOCKS = YES;
				GCC_OPTIMIZATION_LEVEL = 0;
				GCC_PREPROCESSOR_DEFINITIONS = (
					"DEBUG=1",
					"$(inherited)",
				);
				GCC_WARN_64_TO_32_BIT_CONVERSION = YES;
				GCC_WARN_ABOUT_RETURN_TYPE = YES_ERROR;
				GCC_WARN_UNDECLARED_SELECTOR = YES;
				GCC_WARN_UNINITIALIZED_AUTOS = YES_AGGRESSIVE;
				GCC_WARN_UNUSED_FUNCTION = YES;
				GCC_WARN_UNUSED_VARIABLE = YES;
				IPHONEOS_DEPLOYMENT_TARGET = 16.1;
				MTL_ENABLE_DEBUG_INFO = INCLUDE_SOURCE;
				MTL_FAST_MATH = YES;
				ONLY_ACTIVE_ARCH = YES;
				SDKROOT = iphoneos;
				SWIFT_ACTIVE_COMPILATION_CONDITIONS = DEBUG;
				SWIFT_OPTIMIZATION_LEVEL = "-Onone";
			};
			name = Debug;
		};
		AB9045D429471C5E0056C36F /* Release */ = {
			isa = XCBuildConfiguration;
			buildSettings = {
				ALWAYS_SEARCH_USER_PATHS = NO;
				CLANG_ANALYZER_NONNULL = YES;
				CLANG_ANALYZER_NUMBER_OBJECT_CONVERSION = YES_AGGRESSIVE;
				CLANG_CXX_LANGUAGE_STANDARD = "gnu++20";
				CLANG_ENABLE_MODULES = YES;
				CLANG_ENABLE_OBJC_ARC = YES;
				CLANG_ENABLE_OBJC_WEAK = YES;
				CLANG_WARN_BLOCK_CAPTURE_AUTORELEASING = YES;
				CLANG_WARN_BOOL_CONVERSION = YES;
				CLANG_WARN_COMMA = YES;
				CLANG_WARN_CONSTANT_CONVERSION = YES;
				CLANG_WARN_DEPRECATED_OBJC_IMPLEMENTATIONS = YES;
				CLANG_WARN_DIRECT_OBJC_ISA_USAGE = YES_ERROR;
				CLANG_WARN_DOCUMENTATION_COMMENTS = YES;
				CLANG_WARN_EMPTY_BODY = YES;
				CLANG_WARN_ENUM_CONVERSION = YES;
				CLANG_WARN_INFINITE_RECURSION = YES;
				CLANG_WARN_INT_CONVERSION = YES;
				CLANG_WARN_NON_LITERAL_NULL_CONVERSION = YES;
				CLANG_WARN_OBJC_IMPLICIT_RETAIN_SELF = YES;
				CLANG_WARN_OBJC_LITERAL_CONVERSION = YES;
				CLANG_WARN_OBJC_ROOT_CLASS = YES_ERROR;
				CLANG_WARN_QUOTED_INCLUDE_IN_FRAMEWORK_HEADER = YES;
				CLANG_WARN_RANGE_LOOP_ANALYSIS = YES;
				CLANG_WARN_STRICT_PROTOTYPES = YES;
				CLANG_WARN_SUSPICIOUS_MOVE = YES;
				CLANG_WARN_UNGUARDED_AVAILABILITY = YES_AGGRESSIVE;
				CLANG_WARN_UNREACHABLE_CODE = YES;
				CLANG_WARN__DUPLICATE_METHOD_MATCH = YES;
				COPY_PHASE_STRIP = NO;
				DEBUG_INFORMATION_FORMAT = "dwarf-with-dsym";
				ENABLE_NS_ASSERTIONS = NO;
				ENABLE_STRICT_OBJC_MSGSEND = YES;
				GCC_C_LANGUAGE_STANDARD = gnu11;
				GCC_NO_COMMON_BLOCKS = YES;
				GCC_WARN_64_TO_32_BIT_CONVERSION = YES;
				GCC_WARN_ABOUT_RETURN_TYPE = YES_ERROR;
				GCC_WARN_UNDECLARED_SELECTOR = YES;
				GCC_WARN_UNINITIALIZED_AUTOS = YES_AGGRESSIVE;
				GCC_WARN_UNUSED_FUNCTION = YES;
				GCC_WARN_UNUSED_VARIABLE = YES;
				IPHONEOS_DEPLOYMENT_TARGET = 16.1;
				MTL_ENABLE_DEBUG_INFO = NO;
				MTL_FAST_MATH = YES;
				SDKROOT = iphoneos;
				SWIFT_COMPILATION_MODE = wholemodule;
				SWIFT_OPTIMIZATION_LEVEL = "-O";
				VALIDATE_PRODUCT = YES;
			};
			name = Release;
		};
		AB9045D629471C5E0056C36F /* Debug */ = {
			isa = XCBuildConfiguration;
			buildSettings = {
				ASSETCATALOG_COMPILER_APPICON_NAME = AppIcon;
				ASSETCATALOG_COMPILER_GLOBAL_ACCENT_COLOR_NAME = AccentColor;
				CODE_SIGN_STYLE = Automatic;
				CURRENT_PROJECT_VERSION = 1;
				DEVELOPMENT_TEAM = ZTWYW76YMF;
				GENERATE_INFOPLIST_FILE = YES;
				INFOPLIST_FILE = findfood/Supports/Info.plist;
				INFOPLIST_KEY_UIApplicationSupportsIndirectInputEvents = YES;
				INFOPLIST_KEY_UILaunchStoryboardName = LaunchScreen;
				INFOPLIST_KEY_UISupportedInterfaceOrientations_iPad = "UIInterfaceOrientationPortrait UIInterfaceOrientationPortraitUpsideDown UIInterfaceOrientationLandscapeLeft UIInterfaceOrientationLandscapeRight";
				INFOPLIST_KEY_UISupportedInterfaceOrientations_iPhone = "UIInterfaceOrientationPortrait UIInterfaceOrientationLandscapeLeft UIInterfaceOrientationLandscapeRight";
				IPHONEOS_DEPLOYMENT_TARGET = 13.0;
				LD_RUNPATH_SEARCH_PATHS = (
					"$(inherited)",
					"@executable_path/Frameworks",
				);
				MARKETING_VERSION = 1.0;
				PRODUCT_BUNDLE_IDENTIFIER = com.bertayyonel.findfood;
				PRODUCT_NAME = "$(TARGET_NAME)";
				SWIFT_EMIT_LOC_STRINGS = YES;
				SWIFT_VERSION = 5.0;
				TARGETED_DEVICE_FAMILY = "1,2";
			};
			name = Debug;
		};
		AB9045D729471C5E0056C36F /* Release */ = {
			isa = XCBuildConfiguration;
			buildSettings = {
				ASSETCATALOG_COMPILER_APPICON_NAME = AppIcon;
				ASSETCATALOG_COMPILER_GLOBAL_ACCENT_COLOR_NAME = AccentColor;
				CODE_SIGN_STYLE = Automatic;
				CURRENT_PROJECT_VERSION = 1;
				DEVELOPMENT_TEAM = ZTWYW76YMF;
				GENERATE_INFOPLIST_FILE = YES;
				INFOPLIST_FILE = findfood/Supports/Info.plist;
				INFOPLIST_KEY_UIApplicationSupportsIndirectInputEvents = YES;
				INFOPLIST_KEY_UILaunchStoryboardName = LaunchScreen;
				INFOPLIST_KEY_UISupportedInterfaceOrientations_iPad = "UIInterfaceOrientationPortrait UIInterfaceOrientationPortraitUpsideDown UIInterfaceOrientationLandscapeLeft UIInterfaceOrientationLandscapeRight";
				INFOPLIST_KEY_UISupportedInterfaceOrientations_iPhone = "UIInterfaceOrientationPortrait UIInterfaceOrientationLandscapeLeft UIInterfaceOrientationLandscapeRight";
				IPHONEOS_DEPLOYMENT_TARGET = 13.0;
				LD_RUNPATH_SEARCH_PATHS = (
					"$(inherited)",
					"@executable_path/Frameworks",
				);
				MARKETING_VERSION = 1.0;
				PRODUCT_BUNDLE_IDENTIFIER = com.bertayyonel.findfood;
				PRODUCT_NAME = "$(TARGET_NAME)";
				SWIFT_EMIT_LOC_STRINGS = YES;
				SWIFT_VERSION = 5.0;
				TARGETED_DEVICE_FAMILY = "1,2";
			};
			name = Release;
		};
/* End XCBuildConfiguration section */

/* Begin XCConfigurationList section */
		AB9045BC29471C5D0056C36F /* Build configuration list for PBXProject "findfood" */ = {
			isa = XCConfigurationList;
			buildConfigurations = (
				AB9045D329471C5E0056C36F /* Debug */,
				AB9045D429471C5E0056C36F /* Release */,
			);
			defaultConfigurationIsVisible = 0;
			defaultConfigurationName = Release;
		};
		AB9045D529471C5E0056C36F /* Build configuration list for PBXNativeTarget "findfood" */ = {
			isa = XCConfigurationList;
			buildConfigurations = (
				AB9045D629471C5E0056C36F /* Debug */,
				AB9045D729471C5E0056C36F /* Release */,
			);
			defaultConfigurationIsVisible = 0;
			defaultConfigurationName = Release;
		};
/* End XCConfigurationList section */
	};
	rootObject = AB9045B929471C5D0056C36F /* Project object */;
}
