// !$*UTF8*$!
{
	archiveVersion = 1;
	classes = {
	};
	objectVersion = 56;
	objects = {

/* Begin PBXBuildFile section */
		AB0C86542A54488F00AA9017 /* FirebaseFirestore in Frameworks */ = {isa = PBXBuildFile; productRef = AB0C86532A54488F00AA9017 /* FirebaseFirestore */; };
		AB0C86572A5776DA00AA9017 /* AlertHandler.swift in Sources */ = {isa = PBXBuildFile; fileRef = AB0C86562A5776DA00AA9017 /* AlertHandler.swift */; };
		AB0C865A2A580E2000AA9017 /* LoadingManager.swift in Sources */ = {isa = PBXBuildFile; fileRef = AB0C86592A580E2000AA9017 /* LoadingManager.swift */; };
		AB0C865D2A59E4F900AA9017 /* UserMenuViewController.swift in Sources */ = {isa = PBXBuildFile; fileRef = AB0C865C2A59E4F900AA9017 /* UserMenuViewController.swift */; };
		AB0C86602A5C2ED100AA9017 /* Observable.swift in Sources */ = {isa = PBXBuildFile; fileRef = AB0C865F2A5C2ED100AA9017 /* Observable.swift */; };
		AB0C86622A5C32BB00AA9017 /* Observer.swift in Sources */ = {isa = PBXBuildFile; fileRef = AB0C86612A5C32BB00AA9017 /* Observer.swift */; };
		AB0C86642A5C509B00AA9017 /* ObserverManager.swift in Sources */ = {isa = PBXBuildFile; fileRef = AB0C86632A5C509B00AA9017 /* ObserverManager.swift */; };
		AB3D2B9E29C9C70400BFB5B6 /* SDWebImage in Frameworks */ = {isa = PBXBuildFile; productRef = AB3D2B9D29C9C70400BFB5B6 /* SDWebImage */; };
		AB3D2BA029C9C70400BFB5B6 /* SDWebImageMapKit in Frameworks */ = {isa = PBXBuildFile; productRef = AB3D2B9F29C9C70400BFB5B6 /* SDWebImageMapKit */; };
		AB3D49CA29641186006DBE9F /* Section.swift in Sources */ = {isa = PBXBuildFile; fileRef = AB3D49C929641186006DBE9F /* Section.swift */; };
		AB3D49CE29641E7E006DBE9F /* String+Extensions.swift in Sources */ = {isa = PBXBuildFile; fileRef = AB3D49CD29641E7E006DBE9F /* String+Extensions.swift */; };
		AB45D50E297FD835005DB576 /* RequestModel.swift in Sources */ = {isa = PBXBuildFile; fileRef = AB45D50D297FD835005DB576 /* RequestModel.swift */; };
		AB45D51129813EFB005DB576 /* APIError.swift in Sources */ = {isa = PBXBuildFile; fileRef = AB45D51029813EFB005DB576 /* APIError.swift */; };
		AB5465D92A607DC600F9FA5E /* LocationIDRequestModel.swift in Sources */ = {isa = PBXBuildFile; fileRef = AB5465D82A607DC600F9FA5E /* LocationIDRequestModel.swift */; };
		AB5465DB2A6080DA00F9FA5E /* LocationIDAPI.swift in Sources */ = {isa = PBXBuildFile; fileRef = AB5465DA2A6080DA00F9FA5E /* LocationIDAPI.swift */; };
		AB5465DD2A62A33400F9FA5E /* ActionButtonType.swift in Sources */ = {isa = PBXBuildFile; fileRef = AB5465DC2A62A33400F9FA5E /* ActionButtonType.swift */; };
		AB5465DF2A640AB700F9FA5E /* MessageString.swift in Sources */ = {isa = PBXBuildFile; fileRef = AB5465DE2A640AB700F9FA5E /* MessageString.swift */; };
		AB5465E12A640C0000F9FA5E /* FirebaseString.swift in Sources */ = {isa = PBXBuildFile; fileRef = AB5465E02A640C0000F9FA5E /* FirebaseString.swift */; };
		AB5465E32A640D8200F9FA5E /* ViewText.swift in Sources */ = {isa = PBXBuildFile; fileRef = AB5465E22A640D8200F9FA5E /* ViewText.swift */; };
		AB5465E52A647F1E00F9FA5E /* CharacterSet+Extension.swift in Sources */ = {isa = PBXBuildFile; fileRef = AB5465E42A647F1E00F9FA5E /* CharacterSet+Extension.swift */; };
		AB594CA029D716DA000990EC /* SlideInPresentationManager.swift in Sources */ = {isa = PBXBuildFile; fileRef = AB594C9F29D716DA000990EC /* SlideInPresentationManager.swift */; };
		AB594CA229D716EE000990EC /* PresentationDirection.swift in Sources */ = {isa = PBXBuildFile; fileRef = AB594CA129D716EE000990EC /* PresentationDirection.swift */; };
		AB5BD4F42A30807100332276 /* UIResponder+Extensions.swift in Sources */ = {isa = PBXBuildFile; fileRef = AB5BD4F32A30807100332276 /* UIResponder+Extensions.swift */; };
		AB5D03A02A37231D009C0FE1 /* UIApplicaton+Extension.swift in Sources */ = {isa = PBXBuildFile; fileRef = AB5D039F2A37231D009C0FE1 /* UIApplicaton+Extension.swift */; };
		AB9045C529471C5D0056C36F /* AppDelegate.swift in Sources */ = {isa = PBXBuildFile; fileRef = AB9045C429471C5D0056C36F /* AppDelegate.swift */; };
		AB9045C729471C5D0056C36F /* SceneDelegate.swift in Sources */ = {isa = PBXBuildFile; fileRef = AB9045C629471C5D0056C36F /* SceneDelegate.swift */; };
		AB9045C929471C5D0056C36F /* HomeController.swift in Sources */ = {isa = PBXBuildFile; fileRef = AB9045C829471C5D0056C36F /* HomeController.swift */; };
		AB9045CE29471C5E0056C36F /* Assets.xcassets in Resources */ = {isa = PBXBuildFile; fileRef = AB9045CD29471C5E0056C36F /* Assets.xcassets */; };
		AB9045D129471C5E0056C36F /* LaunchScreen.storyboard in Resources */ = {isa = PBXBuildFile; fileRef = AB9045CF29471C5E0056C36F /* LaunchScreen.storyboard */; };
		AB9045DB2947252B0056C36F /* NetworkManager.swift in Sources */ = {isa = PBXBuildFile; fileRef = AB9045DA2947252B0056C36F /* NetworkManager.swift */; };
		AB9045E12947433E0056C36F /* UIView+Extensions.swift in Sources */ = {isa = PBXBuildFile; fileRef = AB9045E02947433E0056C36F /* UIView+Extensions.swift */; };
		AB9045E5294756EC0056C36F /* HomeCollectionViewCellViewModel.swift in Sources */ = {isa = PBXBuildFile; fileRef = AB9045E4294756EC0056C36F /* HomeCollectionViewCellViewModel.swift */; };
		AB9045E729475C550056C36F /* HomeCollectionViewCell.swift in Sources */ = {isa = PBXBuildFile; fileRef = AB9045E629475C550056C36F /* HomeCollectionViewCell.swift */; };
		AB9045E9294760440056C36F /* UIImageView+Extension.swift in Sources */ = {isa = PBXBuildFile; fileRef = AB9045E8294760440056C36F /* UIImageView+Extension.swift */; };
		AB9045EC2948AB940056C36F /* LocationData.swift in Sources */ = {isa = PBXBuildFile; fileRef = AB9045EB2948AB940056C36F /* LocationData.swift */; };
		AB9045EE2948AD070056C36F /* LocationModel.swift in Sources */ = {isa = PBXBuildFile; fileRef = AB9045ED2948AD070056C36F /* LocationModel.swift */; };
		AB99550429CB24A400F2E7C7 /* FirebaseManager.swift in Sources */ = {isa = PBXBuildFile; fileRef = AB99550329CB24A400F2E7C7 /* FirebaseManager.swift */; };
		AB9E573529D309C2008BE5AB /* UIViewController+Extension.swift in Sources */ = {isa = PBXBuildFile; fileRef = AB9E573429D309C2008BE5AB /* UIViewController+Extension.swift */; };
		ABA714DD2A2F0B94002A5531 /* SlideInPresentationController.swift in Sources */ = {isa = PBXBuildFile; fileRef = ABA714DC2A2F0B94002A5531 /* SlideInPresentationController.swift */; };
		ABA714DF2A2F3C8C002A5531 /* SlideInPresentationAnimator.swift in Sources */ = {isa = PBXBuildFile; fileRef = ABA714DE2A2F3C8C002A5531 /* SlideInPresentationAnimator.swift */; };
		ABB76ED42983BD490090B774 /* CityNameRequestModel.swift in Sources */ = {isa = PBXBuildFile; fileRef = ABB76ED32983BD490090B774 /* CityNameRequestModel.swift */; };
		ABB76ED62983BDCC0090B774 /* CoordinateRequestModel.swift in Sources */ = {isa = PBXBuildFile; fileRef = ABB76ED52983BDCC0090B774 /* CoordinateRequestModel.swift */; };
		ABB76EDB2983C1420090B774 /* CoordinateAPI.swift in Sources */ = {isa = PBXBuildFile; fileRef = ABB76EDA2983C1420090B774 /* CoordinateAPI.swift */; };
		ABB76EDD2983C1DC0090B774 /* CityNameAPI.swift in Sources */ = {isa = PBXBuildFile; fileRef = ABB76EDC2983C1DC0090B774 /* CityNameAPI.swift */; };
		ABB76EE029893C610090B774 /* UserDefaultsManager.swift in Sources */ = {isa = PBXBuildFile; fileRef = ABB76EDF29893C610090B774 /* UserDefaultsManager.swift */; };
		ABB76EE329893D990090B774 /* ObjectSaveableError.swift in Sources */ = {isa = PBXBuildFile; fileRef = ABB76EE229893D990090B774 /* ObjectSaveableError.swift */; };
		ABB76EE5298A59A00090B774 /* UserDefaults.swift in Sources */ = {isa = PBXBuildFile; fileRef = ABB76EE4298A59A00090B774 /* UserDefaults.swift */; };
		ABB981DA2972B46D008095E3 /* LocationManager.swift in Sources */ = {isa = PBXBuildFile; fileRef = ABB981D92972B46D008095E3 /* LocationManager.swift */; };
		ABB981DC2972EA62008095E3 /* GeoLocationModel.swift in Sources */ = {isa = PBXBuildFile; fileRef = ABB981DB2972EA62008095E3 /* GeoLocationModel.swift */; };
		ABD6040329ACC54A006D4342 /* Int+Extension.swift in Sources */ = {isa = PBXBuildFile; fileRef = ABD6040229ACC54A006D4342 /* Int+Extension.swift */; };
		ABF1828C29BCE5BF00DB650B /* FirebaseAuth in Frameworks */ = {isa = PBXBuildFile; productRef = ABF1828B29BCE5BF00DB650B /* FirebaseAuth */; };
		ABF1829029C061F100DB650B /* GoogleService-Info.plist in Resources */ = {isa = PBXBuildFile; fileRef = ABF1828F29C061F100DB650B /* GoogleService-Info.plist */; };
		ABF1829229C1D6B600DB650B /* UIColor+Extension.swift in Sources */ = {isa = PBXBuildFile; fileRef = ABF1829129C1D6B600DB650B /* UIColor+Extension.swift */; };
		ABF1829729C5F2F200DB650B /* LogInController.swift in Sources */ = {isa = PBXBuildFile; fileRef = ABF1829629C5F2F200DB650B /* LogInController.swift */; };
		ABF1829929C5F31E00DB650B /* LogInViewModel.swift in Sources */ = {isa = PBXBuildFile; fileRef = ABF1829829C5F31E00DB650B /* LogInViewModel.swift */; };
		ABF1829C29C5F5CC00DB650B /* SideMenuController.swift in Sources */ = {isa = PBXBuildFile; fileRef = ABF1829B29C5F5CC00DB650B /* SideMenuController.swift */; };
		ABF63F7E29658DCB007447C8 /* Constants.swift in Sources */ = {isa = PBXBuildFile; fileRef = ABF63F7D29658DCB007447C8 /* Constants.swift */; };
		ABF63F8029658E53007447C8 /* API.swift in Sources */ = {isa = PBXBuildFile; fileRef = ABF63F7F29658E53007447C8 /* API.swift */; };
		ABF63F832966F782007447C8 /* DetailController.swift in Sources */ = {isa = PBXBuildFile; fileRef = ABF63F822966F782007447C8 /* DetailController.swift */; };
		ABF63F88296839DF007447C8 /* HomeViewModel.swift in Sources */ = {isa = PBXBuildFile; fileRef = ABF63F87296839DF007447C8 /* HomeViewModel.swift */; };
/* End PBXBuildFile section */

/* Begin PBXFileReference section */
		AB0C86562A5776DA00AA9017 /* AlertHandler.swift */ = {isa = PBXFileReference; lastKnownFileType = sourcecode.swift; path = AlertHandler.swift; sourceTree = "<group>"; };
		AB0C86592A580E2000AA9017 /* LoadingManager.swift */ = {isa = PBXFileReference; lastKnownFileType = sourcecode.swift; path = LoadingManager.swift; sourceTree = "<group>"; };
		AB0C865C2A59E4F900AA9017 /* UserMenuViewController.swift */ = {isa = PBXFileReference; lastKnownFileType = sourcecode.swift; path = UserMenuViewController.swift; sourceTree = "<group>"; };
		AB0C865F2A5C2ED100AA9017 /* Observable.swift */ = {isa = PBXFileReference; lastKnownFileType = sourcecode.swift; path = Observable.swift; sourceTree = "<group>"; };
		AB0C86612A5C32BB00AA9017 /* Observer.swift */ = {isa = PBXFileReference; lastKnownFileType = sourcecode.swift; path = Observer.swift; sourceTree = "<group>"; };
		AB0C86632A5C509B00AA9017 /* ObserverManager.swift */ = {isa = PBXFileReference; lastKnownFileType = sourcecode.swift; path = ObserverManager.swift; sourceTree = "<group>"; };
		AB3D49C929641186006DBE9F /* Section.swift */ = {isa = PBXFileReference; lastKnownFileType = sourcecode.swift; path = Section.swift; sourceTree = "<group>"; };
		AB3D49CD29641E7E006DBE9F /* String+Extensions.swift */ = {isa = PBXFileReference; lastKnownFileType = sourcecode.swift; path = "String+Extensions.swift"; sourceTree = "<group>"; };
		AB45D50D297FD835005DB576 /* RequestModel.swift */ = {isa = PBXFileReference; lastKnownFileType = sourcecode.swift; path = RequestModel.swift; sourceTree = "<group>"; };
		AB45D51029813EFB005DB576 /* APIError.swift */ = {isa = PBXFileReference; lastKnownFileType = sourcecode.swift; path = APIError.swift; sourceTree = "<group>"; };
		AB5465D82A607DC600F9FA5E /* LocationIDRequestModel.swift */ = {isa = PBXFileReference; lastKnownFileType = sourcecode.swift; path = LocationIDRequestModel.swift; sourceTree = "<group>"; };
		AB5465DA2A6080DA00F9FA5E /* LocationIDAPI.swift */ = {isa = PBXFileReference; lastKnownFileType = sourcecode.swift; path = LocationIDAPI.swift; sourceTree = "<group>"; };
		AB5465DC2A62A33400F9FA5E /* ActionButtonType.swift */ = {isa = PBXFileReference; lastKnownFileType = sourcecode.swift; path = ActionButtonType.swift; sourceTree = "<group>"; };
		AB5465DE2A640AB700F9FA5E /* MessageString.swift */ = {isa = PBXFileReference; lastKnownFileType = sourcecode.swift; path = MessageString.swift; sourceTree = "<group>"; };
		AB5465E02A640C0000F9FA5E /* FirebaseString.swift */ = {isa = PBXFileReference; lastKnownFileType = sourcecode.swift; path = FirebaseString.swift; sourceTree = "<group>"; };
		AB5465E22A640D8200F9FA5E /* ViewText.swift */ = {isa = PBXFileReference; lastKnownFileType = sourcecode.swift; path = ViewText.swift; sourceTree = "<group>"; };
		AB5465E42A647F1E00F9FA5E /* CharacterSet+Extension.swift */ = {isa = PBXFileReference; lastKnownFileType = sourcecode.swift; path = "CharacterSet+Extension.swift"; sourceTree = "<group>"; };
		AB594C9F29D716DA000990EC /* SlideInPresentationManager.swift */ = {isa = PBXFileReference; lastKnownFileType = sourcecode.swift; path = SlideInPresentationManager.swift; sourceTree = "<group>"; };
		AB594CA129D716EE000990EC /* PresentationDirection.swift */ = {isa = PBXFileReference; lastKnownFileType = sourcecode.swift; path = PresentationDirection.swift; sourceTree = "<group>"; };
		AB5BD4F32A30807100332276 /* UIResponder+Extensions.swift */ = {isa = PBXFileReference; lastKnownFileType = sourcecode.swift; path = "UIResponder+Extensions.swift"; sourceTree = "<group>"; };
		AB5D039F2A37231D009C0FE1 /* UIApplicaton+Extension.swift */ = {isa = PBXFileReference; lastKnownFileType = sourcecode.swift; path = "UIApplicaton+Extension.swift"; sourceTree = "<group>"; };
		AB9045C429471C5D0056C36F /* AppDelegate.swift */ = {isa = PBXFileReference; lastKnownFileType = sourcecode.swift; path = AppDelegate.swift; sourceTree = "<group>"; };
		AB9045C629471C5D0056C36F /* SceneDelegate.swift */ = {isa = PBXFileReference; lastKnownFileType = sourcecode.swift; path = SceneDelegate.swift; sourceTree = "<group>"; };
		AB9045C829471C5D0056C36F /* HomeController.swift */ = {isa = PBXFileReference; lastKnownFileType = sourcecode.swift; path = HomeController.swift; sourceTree = "<group>"; };
		AB9045CD29471C5E0056C36F /* Assets.xcassets */ = {isa = PBXFileReference; lastKnownFileType = folder.assetcatalog; path = Assets.xcassets; sourceTree = "<group>"; };
		AB9045D029471C5E0056C36F /* Base */ = {isa = PBXFileReference; lastKnownFileType = file.storyboard; name = Base; path = Base.lproj/LaunchScreen.storyboard; sourceTree = "<group>"; };
		AB9045D229471C5E0056C36F /* Info.plist */ = {isa = PBXFileReference; lastKnownFileType = text.plist.xml; path = Info.plist; sourceTree = "<group>"; };
		AB9045DA2947252B0056C36F /* NetworkManager.swift */ = {isa = PBXFileReference; lastKnownFileType = sourcecode.swift; path = NetworkManager.swift; sourceTree = "<group>"; };
		AB9045E02947433E0056C36F /* UIView+Extensions.swift */ = {isa = PBXFileReference; lastKnownFileType = sourcecode.swift; path = "UIView+Extensions.swift"; sourceTree = "<group>"; };
		AB9045E4294756EC0056C36F /* HomeCollectionViewCellViewModel.swift */ = {isa = PBXFileReference; lastKnownFileType = sourcecode.swift; path = HomeCollectionViewCellViewModel.swift; sourceTree = "<group>"; };
		AB9045E629475C550056C36F /* HomeCollectionViewCell.swift */ = {isa = PBXFileReference; lastKnownFileType = sourcecode.swift; path = HomeCollectionViewCell.swift; sourceTree = "<group>"; };
		AB9045E8294760440056C36F /* UIImageView+Extension.swift */ = {isa = PBXFileReference; lastKnownFileType = sourcecode.swift; path = "UIImageView+Extension.swift"; sourceTree = "<group>"; };
		AB9045EB2948AB940056C36F /* LocationData.swift */ = {isa = PBXFileReference; lastKnownFileType = sourcecode.swift; path = LocationData.swift; sourceTree = "<group>"; };
		AB9045ED2948AD070056C36F /* LocationModel.swift */ = {isa = PBXFileReference; lastKnownFileType = sourcecode.swift; path = LocationModel.swift; sourceTree = "<group>"; };
		AB99550329CB24A400F2E7C7 /* FirebaseManager.swift */ = {isa = PBXFileReference; lastKnownFileType = sourcecode.swift; path = FirebaseManager.swift; sourceTree = "<group>"; };
		AB9E573429D309C2008BE5AB /* UIViewController+Extension.swift */ = {isa = PBXFileReference; lastKnownFileType = sourcecode.swift; path = "UIViewController+Extension.swift"; sourceTree = "<group>"; };
		ABA714DC2A2F0B94002A5531 /* SlideInPresentationController.swift */ = {isa = PBXFileReference; lastKnownFileType = sourcecode.swift; path = SlideInPresentationController.swift; sourceTree = "<group>"; };
		ABA714DE2A2F3C8C002A5531 /* SlideInPresentationAnimator.swift */ = {isa = PBXFileReference; lastKnownFileType = sourcecode.swift; path = SlideInPresentationAnimator.swift; sourceTree = "<group>"; };
		ABB76ED32983BD490090B774 /* CityNameRequestModel.swift */ = {isa = PBXFileReference; lastKnownFileType = sourcecode.swift; path = CityNameRequestModel.swift; sourceTree = "<group>"; };
		ABB76ED52983BDCC0090B774 /* CoordinateRequestModel.swift */ = {isa = PBXFileReference; lastKnownFileType = sourcecode.swift; path = CoordinateRequestModel.swift; sourceTree = "<group>"; };
		ABB76EDA2983C1420090B774 /* CoordinateAPI.swift */ = {isa = PBXFileReference; lastKnownFileType = sourcecode.swift; path = CoordinateAPI.swift; sourceTree = "<group>"; };
		ABB76EDC2983C1DC0090B774 /* CityNameAPI.swift */ = {isa = PBXFileReference; lastKnownFileType = sourcecode.swift; path = CityNameAPI.swift; sourceTree = "<group>"; };
		ABB76EDF29893C610090B774 /* UserDefaultsManager.swift */ = {isa = PBXFileReference; lastKnownFileType = sourcecode.swift; path = UserDefaultsManager.swift; sourceTree = "<group>"; };
		ABB76EE229893D990090B774 /* ObjectSaveableError.swift */ = {isa = PBXFileReference; lastKnownFileType = sourcecode.swift; path = ObjectSaveableError.swift; sourceTree = "<group>"; };
		ABB76EE4298A59A00090B774 /* UserDefaults.swift */ = {isa = PBXFileReference; lastKnownFileType = sourcecode.swift; path = UserDefaults.swift; sourceTree = "<group>"; };
		ABB981D7297154BF008095E3 /* findfood.app */ = {isa = PBXFileReference; explicitFileType = wrapper.application; includeInIndex = 0; path = findfood.app; sourceTree = BUILT_PRODUCTS_DIR; };
		ABB981D92972B46D008095E3 /* LocationManager.swift */ = {isa = PBXFileReference; lastKnownFileType = sourcecode.swift; path = LocationManager.swift; sourceTree = "<group>"; };
		ABB981DB2972EA62008095E3 /* GeoLocationModel.swift */ = {isa = PBXFileReference; lastKnownFileType = sourcecode.swift; path = GeoLocationModel.swift; sourceTree = "<group>"; };
		ABD6040229ACC54A006D4342 /* Int+Extension.swift */ = {isa = PBXFileReference; lastKnownFileType = sourcecode.swift; path = "Int+Extension.swift"; sourceTree = "<group>"; };
		ABF1828F29C061F100DB650B /* GoogleService-Info.plist */ = {isa = PBXFileReference; fileEncoding = 4; lastKnownFileType = text.plist.xml; path = "GoogleService-Info.plist"; sourceTree = "<group>"; };
		ABF1829129C1D6B600DB650B /* UIColor+Extension.swift */ = {isa = PBXFileReference; lastKnownFileType = sourcecode.swift; path = "UIColor+Extension.swift"; sourceTree = "<group>"; };
		ABF1829629C5F2F200DB650B /* LogInController.swift */ = {isa = PBXFileReference; lastKnownFileType = sourcecode.swift; path = LogInController.swift; sourceTree = "<group>"; };
		ABF1829829C5F31E00DB650B /* LogInViewModel.swift */ = {isa = PBXFileReference; lastKnownFileType = sourcecode.swift; path = LogInViewModel.swift; sourceTree = "<group>"; };
		ABF1829B29C5F5CC00DB650B /* SideMenuController.swift */ = {isa = PBXFileReference; lastKnownFileType = sourcecode.swift; path = SideMenuController.swift; sourceTree = "<group>"; };
		ABF63F7D29658DCB007447C8 /* Constants.swift */ = {isa = PBXFileReference; lastKnownFileType = sourcecode.swift; path = Constants.swift; sourceTree = "<group>"; };
		ABF63F7F29658E53007447C8 /* API.swift */ = {isa = PBXFileReference; lastKnownFileType = sourcecode.swift; path = API.swift; sourceTree = "<group>"; };
		ABF63F822966F782007447C8 /* DetailController.swift */ = {isa = PBXFileReference; lastKnownFileType = sourcecode.swift; path = DetailController.swift; sourceTree = "<group>"; };
		ABF63F87296839DF007447C8 /* HomeViewModel.swift */ = {isa = PBXFileReference; lastKnownFileType = sourcecode.swift; path = HomeViewModel.swift; sourceTree = "<group>"; };
/* End PBXFileReference section */

/* Begin PBXFrameworksBuildPhase section */
		AB9045BE29471C5D0056C36F /* Frameworks */ = {
			isa = PBXFrameworksBuildPhase;
			buildActionMask = 2147483647;
			files = (
				AB3D2B9E29C9C70400BFB5B6 /* SDWebImage in Frameworks */,
				AB3D2BA029C9C70400BFB5B6 /* SDWebImageMapKit in Frameworks */,
				AB0C86542A54488F00AA9017 /* FirebaseFirestore in Frameworks */,
				ABF1828C29BCE5BF00DB650B /* FirebaseAuth in Frameworks */,
			);
			runOnlyForDeploymentPostprocessing = 0;
		};
/* End PBXFrameworksBuildPhase section */

/* Begin PBXGroup section */
		AB0C86522A54488F00AA9017 /* Frameworks */ = {
			isa = PBXGroup;
			children = (
			);
			name = Frameworks;
			sourceTree = "<group>";
		};
		AB0C86552A5776CA00AA9017 /* AlertHandler */ = {
			isa = PBXGroup;
			children = (
				AB0C86562A5776DA00AA9017 /* AlertHandler.swift */,
			);
			path = AlertHandler;
			sourceTree = "<group>";
		};
		AB0C86582A580E1500AA9017 /* LoadingManager */ = {
			isa = PBXGroup;
			children = (
				AB0C86592A580E2000AA9017 /* LoadingManager.swift */,
			);
			path = LoadingManager;
			sourceTree = "<group>";
		};
		AB0C865B2A59E4E800AA9017 /* UserMenu */ = {
			isa = PBXGroup;
			children = (
				AB0C865C2A59E4F900AA9017 /* UserMenuViewController.swift */,
			);
			path = UserMenu;
			sourceTree = "<group>";
		};
		AB0C865E2A5C2EB400AA9017 /* Observable */ = {
			isa = PBXGroup;
			children = (
				AB0C865F2A5C2ED100AA9017 /* Observable.swift */,
				AB0C86612A5C32BB00AA9017 /* Observer.swift */,
				AB0C86632A5C509B00AA9017 /* ObserverManager.swift */,
			);
			path = Observable;
			sourceTree = "<group>";
		};
		AB45D50C297FD81D005DB576 /* Request */ = {
			isa = PBXGroup;
			children = (
				AB45D50D297FD835005DB576 /* RequestModel.swift */,
				ABB76ED32983BD490090B774 /* CityNameRequestModel.swift */,
				ABB76ED52983BDCC0090B774 /* CoordinateRequestModel.swift */,
				AB5465D82A607DC600F9FA5E /* LocationIDRequestModel.swift */,
			);
			path = Request;
			sourceTree = "<group>";
		};
		AB45D50F29813EEE005DB576 /* Network */ = {
			isa = PBXGroup;
			children = (
				AB45D51029813EFB005DB576 /* APIError.swift */,
			);
			path = Network;
			sourceTree = "<group>";
		};
		AB594C9D29D716B1000990EC /* PresentationManager */ = {
			isa = PBXGroup;
			children = (
				AB594CA129D716EE000990EC /* PresentationDirection.swift */,
				AB594C9F29D716DA000990EC /* SlideInPresentationManager.swift */,
				ABA714DC2A2F0B94002A5531 /* SlideInPresentationController.swift */,
				ABA714DE2A2F3C8C002A5531 /* SlideInPresentationAnimator.swift */,
			);
			path = PresentationManager;
			sourceTree = "<group>";
		};
		AB9045B829471C5D0056C36F = {
			isa = PBXGroup;
			children = (
				AB9045C329471C5D0056C36F /* findfood */,
				ABB981D7297154BF008095E3 /* findfood.app */,
				AB0C86522A54488F00AA9017 /* Frameworks */,
			);
			sourceTree = "<group>";
		};
		AB9045C329471C5D0056C36F /* findfood */ = {
			isa = PBXGroup;
			children = (
				AB9045CD29471C5E0056C36F /* Assets.xcassets */,
				AB9045DF2947431E0056C36F /* Extensions */,
				AB9045D82947250D0056C36F /* Managers */,
				AB9045EA2948AB750056C36F /* Models */,
				AB9045DC29472DA10056C36F /* Modules */,
				ABB76ED72983C1230090B774 /* Network */,
				AB9045DD29472DE80056C36F /* Supports */,
				ABF63F7B29658DA2007447C8 /* Utilities */,
			);
			path = findfood;
			sourceTree = "<group>";
		};
		AB9045D82947250D0056C36F /* Managers */ = {
			isa = PBXGroup;
			children = (
				AB0C86552A5776CA00AA9017 /* AlertHandler */,
				ABF1829D29C871B200DB650B /* FirebaseManager */,
				AB0C86582A580E1500AA9017 /* LoadingManager */,
				ABB981D82972B460008095E3 /* LocationManager */,
				AB9045D9294725180056C36F /* NetworkManager */,
				AB0C865E2A5C2EB400AA9017 /* Observable */,
				AB594C9D29D716B1000990EC /* PresentationManager */,
				ABB76EDE29893C510090B774 /* UserDefaultsManager */,
			);
			path = Managers;
			sourceTree = "<group>";
		};
		AB9045D9294725180056C36F /* NetworkManager */ = {
			isa = PBXGroup;
			children = (
				AB9045DA2947252B0056C36F /* NetworkManager.swift */,
			);
			path = NetworkManager;
			sourceTree = "<group>";
		};
		AB9045DC29472DA10056C36F /* Modules */ = {
			isa = PBXGroup;
			children = (
				ABF63F812966F761007447C8 /* Detail */,
				AB9045E2294752650056C36F /* Home */,
				AB9045DE29472E230056C36F /* Launchscreen */,
				ABF1829529C5F2DC00DB650B /* LogIn */,
				ABF1829A29C5F5B100DB650B /* SideMenu */,
				AB0C865B2A59E4E800AA9017 /* UserMenu */,
			);
			path = Modules;
			sourceTree = "<group>";
		};
		AB9045DD29472DE80056C36F /* Supports */ = {
			isa = PBXGroup;
			children = (
				ABF1828F29C061F100DB650B /* GoogleService-Info.plist */,
				AB9045D229471C5E0056C36F /* Info.plist */,
				AB9045C429471C5D0056C36F /* AppDelegate.swift */,
				AB9045C629471C5D0056C36F /* SceneDelegate.swift */,
			);
			path = Supports;
			sourceTree = "<group>";
		};
		AB9045DE29472E230056C36F /* Launchscreen */ = {
			isa = PBXGroup;
			children = (
				AB9045CF29471C5E0056C36F /* LaunchScreen.storyboard */,
			);
			path = Launchscreen;
			sourceTree = "<group>";
		};
		AB9045DF2947431E0056C36F /* Extensions */ = {
			isa = PBXGroup;
			children = (
				ABD6040229ACC54A006D4342 /* Int+Extension.swift */,
				AB3D49CD29641E7E006DBE9F /* String+Extensions.swift */,
				AB5D039F2A37231D009C0FE1 /* UIApplicaton+Extension.swift */,
				ABF1829129C1D6B600DB650B /* UIColor+Extension.swift */,
				AB9045E8294760440056C36F /* UIImageView+Extension.swift */,
				AB5BD4F32A30807100332276 /* UIResponder+Extensions.swift */,
				AB9045E02947433E0056C36F /* UIView+Extensions.swift */,
				AB9E573429D309C2008BE5AB /* UIViewController+Extension.swift */,
				AB5465E42A647F1E00F9FA5E /* CharacterSet+Extension.swift */,
			);
			path = Extensions;
			sourceTree = "<group>";
		};
		AB9045E2294752650056C36F /* Home */ = {
			isa = PBXGroup;
			children = (
				AB9045C829471C5D0056C36F /* HomeController.swift */,
				ABF63F87296839DF007447C8 /* HomeViewModel.swift */,
				AB9045E3294756CA0056C36F /* Cell */,
			);
			path = Home;
			sourceTree = "<group>";
		};
		AB9045E3294756CA0056C36F /* Cell */ = {
			isa = PBXGroup;
			children = (
				AB9045E4294756EC0056C36F /* HomeCollectionViewCellViewModel.swift */,
				AB9045E629475C550056C36F /* HomeCollectionViewCell.swift */,
			);
			path = Cell;
			sourceTree = "<group>";
		};
		AB9045EA2948AB750056C36F /* Models */ = {
			isa = PBXGroup;
			children = (
				AB9045EB2948AB940056C36F /* LocationData.swift */,
				AB9045ED2948AD070056C36F /* LocationModel.swift */,
				ABB981DB2972EA62008095E3 /* GeoLocationModel.swift */,
				AB3D49C929641186006DBE9F /* Section.swift */,
				AB45D50C297FD81D005DB576 /* Request */,
			);
			path = Models;
			sourceTree = "<group>";
		};
		ABB76ED72983C1230090B774 /* Network */ = {
			isa = PBXGroup;
			children = (
				ABB76ED82983C12A0090B774 /* APIs */,
			);
			path = Network;
			sourceTree = "<group>";
		};
		ABB76ED82983C12A0090B774 /* APIs */ = {
			isa = PBXGroup;
			children = (
				ABB76EDA2983C1420090B774 /* CoordinateAPI.swift */,
				ABB76EDC2983C1DC0090B774 /* CityNameAPI.swift */,
				AB5465DA2A6080DA00F9FA5E /* LocationIDAPI.swift */,
			);
			path = APIs;
			sourceTree = "<group>";
		};
		ABB76EDE29893C510090B774 /* UserDefaultsManager */ = {
			isa = PBXGroup;
			children = (
				ABB76EDF29893C610090B774 /* UserDefaultsManager.swift */,
				ABB76EE129893D840090B774 /* ObjectSaveableError */,
			);
			path = UserDefaultsManager;
			sourceTree = "<group>";
		};
		ABB76EE129893D840090B774 /* ObjectSaveableError */ = {
			isa = PBXGroup;
			children = (
				ABB76EE229893D990090B774 /* ObjectSaveableError.swift */,
			);
			path = ObjectSaveableError;
			sourceTree = "<group>";
		};
		ABB981D82972B460008095E3 /* LocationManager */ = {
			isa = PBXGroup;
			children = (
				ABB981D92972B46D008095E3 /* LocationManager.swift */,
			);
			path = LocationManager;
			sourceTree = "<group>";
		};
		ABF1829529C5F2DC00DB650B /* LogIn */ = {
			isa = PBXGroup;
			children = (
				ABF1829629C5F2F200DB650B /* LogInController.swift */,
				ABF1829829C5F31E00DB650B /* LogInViewModel.swift */,
			);
			path = LogIn;
			sourceTree = "<group>";
		};
		ABF1829A29C5F5B100DB650B /* SideMenu */ = {
			isa = PBXGroup;
			children = (
				ABF1829B29C5F5CC00DB650B /* SideMenuController.swift */,
			);
			path = SideMenu;
			sourceTree = "<group>";
		};
		ABF1829D29C871B200DB650B /* FirebaseManager */ = {
			isa = PBXGroup;
			children = (
				AB99550329CB24A400F2E7C7 /* FirebaseManager.swift */,
			);
			path = FirebaseManager;
			sourceTree = "<group>";
		};
		ABF63F7B29658DA2007447C8 /* Utilities */ = {
			isa = PBXGroup;
			children = (
				AB45D50F29813EEE005DB576 /* Network */,
				ABF63F7C29658DB7007447C8 /* Constants */,
			);
			path = Utilities;
			sourceTree = "<group>";
		};
		ABF63F7C29658DB7007447C8 /* Constants */ = {
			isa = PBXGroup;
			children = (
				ABF63F7D29658DCB007447C8 /* Constants.swift */,
				ABF63F7F29658E53007447C8 /* API.swift */,
				ABB76EE4298A59A00090B774 /* UserDefaults.swift */,
				AB5465DC2A62A33400F9FA5E /* ActionButtonType.swift */,
				AB5465DE2A640AB700F9FA5E /* MessageString.swift */,
				AB5465E02A640C0000F9FA5E /* FirebaseString.swift */,
				AB5465E22A640D8200F9FA5E /* ViewText.swift */,
			);
			path = Constants;
			sourceTree = "<group>";
		};
		ABF63F812966F761007447C8 /* Detail */ = {
			isa = PBXGroup;
			children = (
				ABF63F822966F782007447C8 /* DetailController.swift */,
			);
			path = Detail;
			sourceTree = "<group>";
		};
/* End PBXGroup section */

/* Begin PBXNativeTarget section */
		AB9045C029471C5D0056C36F /* findfood */ = {
			isa = PBXNativeTarget;
			buildConfigurationList = AB9045D529471C5E0056C36F /* Build configuration list for PBXNativeTarget "findfood" */;
			buildPhases = (
				AB9045BD29471C5D0056C36F /* Sources */,
				AB9045BE29471C5D0056C36F /* Frameworks */,
				AB9045BF29471C5D0056C36F /* Resources */,
				AB0C86652A5C6C4F00AA9017 /* ShellScript */,
			);
			buildRules = (
			);
			dependencies = (
			);
			name = findfood;
			packageProductDependencies = (
				ABF1828B29BCE5BF00DB650B /* FirebaseAuth */,
				AB3D2B9D29C9C70400BFB5B6 /* SDWebImage */,
				AB3D2B9F29C9C70400BFB5B6 /* SDWebImageMapKit */,
				AB0C86532A54488F00AA9017 /* FirebaseFirestore */,
			);
			productName = findfood;
			productReference = ABB981D7297154BF008095E3 /* findfood.app */;
			productType = "com.apple.product-type.application";
		};
/* End PBXNativeTarget section */

/* Begin PBXProject section */
		AB9045B929471C5D0056C36F /* Project object */ = {
			isa = PBXProject;
			attributes = {
				BuildIndependentTargetsInParallel = 1;
				LastSwiftUpdateCheck = 1410;
				LastUpgradeCheck = 1410;
				TargetAttributes = {
					AB9045C029471C5D0056C36F = {
						CreatedOnToolsVersion = 14.1;
					};
				};
			};
			buildConfigurationList = AB9045BC29471C5D0056C36F /* Build configuration list for PBXProject "findfood" */;
			compatibilityVersion = "Xcode 14.0";
			developmentRegion = en;
			hasScannedForEncodings = 0;
			knownRegions = (
				en,
				Base,
			);
			mainGroup = AB9045B829471C5D0056C36F;
			packageReferences = (
				ABF1828A29BCE5BF00DB650B /* XCRemoteSwiftPackageReference "firebase-ios-sdk" */,
				AB3D2B9C29C9C70400BFB5B6 /* XCRemoteSwiftPackageReference "SDWebImage" */,
				AB5465D72A5D6B3000F9FA5E /* XCRemoteSwiftPackageReference "SwiftLint" */,
			);
			productRefGroup = AB9045B829471C5D0056C36F;
			projectDirPath = "";
			projectRoot = "";
			targets = (
				AB9045C029471C5D0056C36F /* findfood */,
			);
		};
/* End PBXProject section */

/* Begin PBXResourcesBuildPhase section */
		AB9045BF29471C5D0056C36F /* Resources */ = {
			isa = PBXResourcesBuildPhase;
			buildActionMask = 2147483647;
			files = (
				AB9045D129471C5E0056C36F /* LaunchScreen.storyboard in Resources */,
				AB9045CE29471C5E0056C36F /* Assets.xcassets in Resources */,
				ABF1829029C061F100DB650B /* GoogleService-Info.plist in Resources */,
			);
			runOnlyForDeploymentPostprocessing = 0;
		};
/* End PBXResourcesBuildPhase section */

/* Begin PBXShellScriptBuildPhase section */
		AB0C86652A5C6C4F00AA9017 /* ShellScript */ = {
			isa = PBXShellScriptBuildPhase;
			buildActionMask = 2147483647;
			files = (
			);
			inputFileListPaths = (
			);
			inputPaths = (
			);
			outputFileListPaths = (
			);
			outputPaths = (
			);
			runOnlyForDeploymentPostprocessing = 0;
			shellPath = /bin/sh;
			shellScript = "if which swiftlint >/dev/null; then\n  swiftlint\nelse\n  echo \"warning: SwiftLint not installed, download from https://github.com/realm/SwiftLint\"\nfi\n";
		};
/* End PBXShellScriptBuildPhase section */

/* Begin PBXSourcesBuildPhase section */
		AB9045BD29471C5D0056C36F /* Sources */ = {
			isa = PBXSourcesBuildPhase;
			buildActionMask = 2147483647;
			files = (
				AB9045E729475C550056C36F /* HomeCollectionViewCell.swift in Sources */,
				AB0C86622A5C32BB00AA9017 /* Observer.swift in Sources */,
				ABA714DF2A2F3C8C002A5531 /* SlideInPresentationAnimator.swift in Sources */,
				AB0C865A2A580E2000AA9017 /* LoadingManager.swift in Sources */,
				AB5465DF2A640AB700F9FA5E /* MessageString.swift in Sources */,
				ABB981DA2972B46D008095E3 /* LocationManager.swift in Sources */,
				ABB76EE329893D990090B774 /* ObjectSaveableError.swift in Sources */,
				AB9045DB2947252B0056C36F /* NetworkManager.swift in Sources */,
				AB0C86642A5C509B00AA9017 /* ObserverManager.swift in Sources */,
				AB9045E12947433E0056C36F /* UIView+Extensions.swift in Sources */,
				AB5465E52A647F1E00F9FA5E /* CharacterSet+Extension.swift in Sources */,
				AB45D50E297FD835005DB576 /* RequestModel.swift in Sources */,
				AB594CA229D716EE000990EC /* PresentationDirection.swift in Sources */,
				ABF63F88296839DF007447C8 /* HomeViewModel.swift in Sources */,
				AB9045C929471C5D0056C36F /* HomeController.swift in Sources */,
				AB5465DD2A62A33400F9FA5E /* ActionButtonType.swift in Sources */,
				AB3D49CE29641E7E006DBE9F /* String+Extensions.swift in Sources */,
				AB5465DB2A6080DA00F9FA5E /* LocationIDAPI.swift in Sources */,
				AB594CA029D716DA000990EC /* SlideInPresentationManager.swift in Sources */,
				ABF1829229C1D6B600DB650B /* UIColor+Extension.swift in Sources */,
				ABB76EDD2983C1DC0090B774 /* CityNameAPI.swift in Sources */,
				AB5465E32A640D8200F9FA5E /* ViewText.swift in Sources */,
				AB3D49CA29641186006DBE9F /* Section.swift in Sources */,
				ABF1829C29C5F5CC00DB650B /* SideMenuController.swift in Sources */,
				AB9045C529471C5D0056C36F /* AppDelegate.swift in Sources */,
				ABB76EE029893C610090B774 /* UserDefaultsManager.swift in Sources */,
				ABF63F7E29658DCB007447C8 /* Constants.swift in Sources */,
				AB5465D92A607DC600F9FA5E /* LocationIDRequestModel.swift in Sources */,
				AB0C865D2A59E4F900AA9017 /* UserMenuViewController.swift in Sources */,
				ABB981DC2972EA62008095E3 /* GeoLocationModel.swift in Sources */,
				AB5465E12A640C0000F9FA5E /* FirebaseString.swift in Sources */,
				ABF63F8029658E53007447C8 /* API.swift in Sources */,
				AB9E573529D309C2008BE5AB /* UIViewController+Extension.swift in Sources */,
				ABB76ED62983BDCC0090B774 /* CoordinateRequestModel.swift in Sources */,
				ABD6040329ACC54A006D4342 /* Int+Extension.swift in Sources */,
				AB99550429CB24A400F2E7C7 /* FirebaseManager.swift in Sources */,
				AB5D03A02A37231D009C0FE1 /* UIApplicaton+Extension.swift in Sources */,
				AB45D51129813EFB005DB576 /* APIError.swift in Sources */,
				AB5BD4F42A30807100332276 /* UIResponder+Extensions.swift in Sources */,
				ABF1829929C5F31E00DB650B /* LogInViewModel.swift in Sources */,
				AB0C86602A5C2ED100AA9017 /* Observable.swift in Sources */,
				AB9045E5294756EC0056C36F /* HomeCollectionViewCellViewModel.swift in Sources */,
				AB9045EC2948AB940056C36F /* LocationData.swift in Sources */,
				ABF1829729C5F2F200DB650B /* LogInController.swift in Sources */,
				AB9045E9294760440056C36F /* UIImageView+Extension.swift in Sources */,
				AB0C86572A5776DA00AA9017 /* AlertHandler.swift in Sources */,
				ABF63F832966F782007447C8 /* DetailController.swift in Sources */,
				AB9045EE2948AD070056C36F /* LocationModel.swift in Sources */,
				ABB76EE5298A59A00090B774 /* UserDefaults.swift in Sources */,
				ABA714DD2A2F0B94002A5531 /* SlideInPresentationController.swift in Sources */,
				ABB76EDB2983C1420090B774 /* CoordinateAPI.swift in Sources */,
				AB9045C729471C5D0056C36F /* SceneDelegate.swift in Sources */,
				ABB76ED42983BD490090B774 /* CityNameRequestModel.swift in Sources */,
			);
			runOnlyForDeploymentPostprocessing = 0;
		};
/* End PBXSourcesBuildPhase section */

/* Begin PBXVariantGroup section */
		AB9045CF29471C5E0056C36F /* LaunchScreen.storyboard */ = {
			isa = PBXVariantGroup;
			children = (
				AB9045D029471C5E0056C36F /* Base */,
			);
			name = LaunchScreen.storyboard;
			sourceTree = "<group>";
		};
/* End PBXVariantGroup section */

/* Begin XCBuildConfiguration section */
		AB9045D329471C5E0056C36F /* Debug */ = {
			isa = XCBuildConfiguration;
			buildSettings = {
				ALWAYS_SEARCH_USER_PATHS = NO;
				CLANG_ANALYZER_NONNULL = YES;
				CLANG_ANALYZER_NUMBER_OBJECT_CONVERSION = YES_AGGRESSIVE;
				CLANG_CXX_LANGUAGE_STANDARD = "gnu++20";
				CLANG_ENABLE_MODULES = YES;
				CLANG_ENABLE_OBJC_ARC = YES;
				CLANG_ENABLE_OBJC_WEAK = YES;
				CLANG_WARN_BLOCK_CAPTURE_AUTORELEASING = YES;
				CLANG_WARN_BOOL_CONVERSION = YES;
				CLANG_WARN_COMMA = YES;
				CLANG_WARN_CONSTANT_CONVERSION = YES;
				CLANG_WARN_DEPRECATED_OBJC_IMPLEMENTATIONS = YES;
				CLANG_WARN_DIRECT_OBJC_ISA_USAGE = YES_ERROR;
				CLANG_WARN_DOCUMENTATION_COMMENTS = YES;
				CLANG_WARN_EMPTY_BODY = YES;
				CLANG_WARN_ENUM_CONVERSION = YES;
				CLANG_WARN_INFINITE_RECURSION = YES;
				CLANG_WARN_INT_CONVERSION = YES;
				CLANG_WARN_NON_LITERAL_NULL_CONVERSION = YES;
				CLANG_WARN_OBJC_IMPLICIT_RETAIN_SELF = YES;
				CLANG_WARN_OBJC_LITERAL_CONVERSION = YES;
				CLANG_WARN_OBJC_ROOT_CLASS = YES_ERROR;
				CLANG_WARN_QUOTED_INCLUDE_IN_FRAMEWORK_HEADER = YES;
				CLANG_WARN_RANGE_LOOP_ANALYSIS = YES;
				CLANG_WARN_STRICT_PROTOTYPES = YES;
				CLANG_WARN_SUSPICIOUS_MOVE = YES;
				CLANG_WARN_UNGUARDED_AVAILABILITY = YES_AGGRESSIVE;
				CLANG_WARN_UNREACHABLE_CODE = YES;
				CLANG_WARN__DUPLICATE_METHOD_MATCH = YES;
				COPY_PHASE_STRIP = NO;
				DEBUG_INFORMATION_FORMAT = dwarf;
				ENABLE_STRICT_OBJC_MSGSEND = YES;
				ENABLE_TESTABILITY = YES;
				GCC_C_LANGUAGE_STANDARD = gnu11;
				GCC_DYNAMIC_NO_PIC = NO;
				GCC_NO_COMMON_BLOCKS = YES;
				GCC_OPTIMIZATION_LEVEL = 0;
				GCC_PREPROCESSOR_DEFINITIONS = (
					"DEBUG=1",
					"$(inherited)",
				);
				GCC_WARN_64_TO_32_BIT_CONVERSION = YES;
				GCC_WARN_ABOUT_RETURN_TYPE = YES_ERROR;
				GCC_WARN_UNDECLARED_SELECTOR = YES;
				GCC_WARN_UNINITIALIZED_AUTOS = YES_AGGRESSIVE;
				GCC_WARN_UNUSED_FUNCTION = YES;
				GCC_WARN_UNUSED_VARIABLE = YES;
				IPHONEOS_DEPLOYMENT_TARGET = 16.1;
				MTL_ENABLE_DEBUG_INFO = INCLUDE_SOURCE;
				MTL_FAST_MATH = YES;
				ONLY_ACTIVE_ARCH = YES;
				SDKROOT = iphoneos;
				SWIFT_ACTIVE_COMPILATION_CONDITIONS = DEBUG;
				SWIFT_OPTIMIZATION_LEVEL = "-Onone";
			};
			name = Debug;
		};
		AB9045D429471C5E0056C36F /* Release */ = {
			isa = XCBuildConfiguration;
			buildSettings = {
				ALWAYS_SEARCH_USER_PATHS = NO;
				CLANG_ANALYZER_NONNULL = YES;
				CLANG_ANALYZER_NUMBER_OBJECT_CONVERSION = YES_AGGRESSIVE;
				CLANG_CXX_LANGUAGE_STANDARD = "gnu++20";
				CLANG_ENABLE_MODULES = YES;
				CLANG_ENABLE_OBJC_ARC = YES;
				CLANG_ENABLE_OBJC_WEAK = YES;
				CLANG_WARN_BLOCK_CAPTURE_AUTORELEASING = YES;
				CLANG_WARN_BOOL_CONVERSION = YES;
				CLANG_WARN_COMMA = YES;
				CLANG_WARN_CONSTANT_CONVERSION = YES;
				CLANG_WARN_DEPRECATED_OBJC_IMPLEMENTATIONS = YES;
				CLANG_WARN_DIRECT_OBJC_ISA_USAGE = YES_ERROR;
				CLANG_WARN_DOCUMENTATION_COMMENTS = YES;
				CLANG_WARN_EMPTY_BODY = YES;
				CLANG_WARN_ENUM_CONVERSION = YES;
				CLANG_WARN_INFINITE_RECURSION = YES;
				CLANG_WARN_INT_CONVERSION = YES;
				CLANG_WARN_NON_LITERAL_NULL_CONVERSION = YES;
				CLANG_WARN_OBJC_IMPLICIT_RETAIN_SELF = YES;
				CLANG_WARN_OBJC_LITERAL_CONVERSION = YES;
				CLANG_WARN_OBJC_ROOT_CLASS = YES_ERROR;
				CLANG_WARN_QUOTED_INCLUDE_IN_FRAMEWORK_HEADER = YES;
				CLANG_WARN_RANGE_LOOP_ANALYSIS = YES;
				CLANG_WARN_STRICT_PROTOTYPES = YES;
				CLANG_WARN_SUSPICIOUS_MOVE = YES;
				CLANG_WARN_UNGUARDED_AVAILABILITY = YES_AGGRESSIVE;
				CLANG_WARN_UNREACHABLE_CODE = YES;
				CLANG_WARN__DUPLICATE_METHOD_MATCH = YES;
				COPY_PHASE_STRIP = NO;
				DEBUG_INFORMATION_FORMAT = "dwarf-with-dsym";
				ENABLE_NS_ASSERTIONS = NO;
				ENABLE_STRICT_OBJC_MSGSEND = YES;
				GCC_C_LANGUAGE_STANDARD = gnu11;
				GCC_NO_COMMON_BLOCKS = YES;
				GCC_WARN_64_TO_32_BIT_CONVERSION = YES;
				GCC_WARN_ABOUT_RETURN_TYPE = YES_ERROR;
				GCC_WARN_UNDECLARED_SELECTOR = YES;
				GCC_WARN_UNINITIALIZED_AUTOS = YES_AGGRESSIVE;
				GCC_WARN_UNUSED_FUNCTION = YES;
				GCC_WARN_UNUSED_VARIABLE = YES;
				IPHONEOS_DEPLOYMENT_TARGET = 16.1;
				MTL_ENABLE_DEBUG_INFO = NO;
				MTL_FAST_MATH = YES;
				SDKROOT = iphoneos;
				SWIFT_COMPILATION_MODE = wholemodule;
				SWIFT_OPTIMIZATION_LEVEL = "-O";
				VALIDATE_PRODUCT = YES;
			};
			name = Release;
		};
		AB9045D629471C5E0056C36F /* Debug */ = {
			isa = XCBuildConfiguration;
			buildSettings = {
				ASSETCATALOG_COMPILER_APPICON_NAME = AppIcon;
				ASSETCATALOG_COMPILER_GLOBAL_ACCENT_COLOR_NAME = AccentColor;
				CODE_SIGN_STYLE = Automatic;
				CURRENT_PROJECT_VERSION = 1;
				DEVELOPMENT_TEAM = ZTWYW76YMF;
				FRAMEWORK_SEARCH_PATHS = (
					"$(inherited)",
					"\"${PODS_CONFIGURATION_BUILD_DIR}/SlideMenuControllerSwift\"",
				);
				GENERATE_INFOPLIST_FILE = YES;
				HEADER_SEARCH_PATHS = (
					"$(inherited)",
					"\"${PODS_CONFIGURATION_BUILD_DIR}/SlideMenuControllerSwift/SlideMenuControllerSwift.framework/Headers\"",
				);
				INFOPLIST_FILE = findfood/Supports/Info.plist;
				INFOPLIST_KEY_NSLocationAlwaysAndWhenInUseUsageDescription = "The app requests Always authorization.";
				INFOPLIST_KEY_NSLocationWhenInUseUsageDescription = "The app requests When in Use or Always authorization.";
				INFOPLIST_KEY_UIApplicationSupportsIndirectInputEvents = YES;
				INFOPLIST_KEY_UILaunchStoryboardName = LaunchScreen;
				INFOPLIST_KEY_UISupportedInterfaceOrientations = UIInterfaceOrientationPortrait;
				INFOPLIST_KEY_UISupportedInterfaceOrientations_iPad = "UIInterfaceOrientationPortrait UIInterfaceOrientationPortraitUpsideDown";
				IPHONEOS_DEPLOYMENT_TARGET = 13.0;
				LD_RUNPATH_SEARCH_PATHS = (
					"$(inherited)",
					"@executable_path/Frameworks",
				);
				MARKETING_VERSION = 1.0;
				PRODUCT_BUNDLE_IDENTIFIER = com.bertayyonel.findfood;
				PRODUCT_NAME = "$(TARGET_NAME)";
				SWIFT_EMIT_LOC_STRINGS = YES;
				SWIFT_VERSION = 5.0;
				TARGETED_DEVICE_FAMILY = "1,2";
			};
			name = Debug;
		};
		AB9045D729471C5E0056C36F /* Release */ = {
			isa = XCBuildConfiguration;
			buildSettings = {
				ASSETCATALOG_COMPILER_APPICON_NAME = AppIcon;
				ASSETCATALOG_COMPILER_GLOBAL_ACCENT_COLOR_NAME = AccentColor;
				CODE_SIGN_STYLE = Automatic;
				CURRENT_PROJECT_VERSION = 1;
				DEVELOPMENT_TEAM = ZTWYW76YMF;
				FRAMEWORK_SEARCH_PATHS = (
					"$(inherited)",
					"\"${PODS_CONFIGURATION_BUILD_DIR}/SlideMenuControllerSwift\"",
				);
				GENERATE_INFOPLIST_FILE = YES;
				HEADER_SEARCH_PATHS = (
					"$(inherited)",
					"\"${PODS_CONFIGURATION_BUILD_DIR}/SlideMenuControllerSwift/SlideMenuControllerSwift.framework/Headers\"",
				);
				INFOPLIST_FILE = findfood/Supports/Info.plist;
				INFOPLIST_KEY_NSLocationAlwaysAndWhenInUseUsageDescription = "The app requests Always authorization.";
				INFOPLIST_KEY_NSLocationWhenInUseUsageDescription = "The app requests When in Use or Always authorization.";
				INFOPLIST_KEY_UIApplicationSupportsIndirectInputEvents = YES;
				INFOPLIST_KEY_UILaunchStoryboardName = LaunchScreen;
				INFOPLIST_KEY_UISupportedInterfaceOrientations = UIInterfaceOrientationPortrait;
				INFOPLIST_KEY_UISupportedInterfaceOrientations_iPad = "UIInterfaceOrientationPortrait UIInterfaceOrientationPortraitUpsideDown";
				IPHONEOS_DEPLOYMENT_TARGET = 13.0;
				LD_RUNPATH_SEARCH_PATHS = (
					"$(inherited)",
					"@executable_path/Frameworks",
				);
				MARKETING_VERSION = 1.0;
				PRODUCT_BUNDLE_IDENTIFIER = com.bertayyonel.findfood;
				PRODUCT_NAME = "$(TARGET_NAME)";
				SWIFT_EMIT_LOC_STRINGS = YES;
				SWIFT_VERSION = 5.0;
				TARGETED_DEVICE_FAMILY = "1,2";
			};
			name = Release;
		};
/* End XCBuildConfiguration section */

/* Begin XCConfigurationList section */
		AB9045BC29471C5D0056C36F /* Build configuration list for PBXProject "findfood" */ = {
			isa = XCConfigurationList;
			buildConfigurations = (
				AB9045D329471C5E0056C36F /* Debug */,
				AB9045D429471C5E0056C36F /* Release */,
			);
			defaultConfigurationIsVisible = 0;
			defaultConfigurationName = Release;
		};
		AB9045D529471C5E0056C36F /* Build configuration list for PBXNativeTarget "findfood" */ = {
			isa = XCConfigurationList;
			buildConfigurations = (
				AB9045D629471C5E0056C36F /* Debug */,
				AB9045D729471C5E0056C36F /* Release */,
			);
			defaultConfigurationIsVisible = 0;
			defaultConfigurationName = Release;
		};
/* End XCConfigurationList section */

/* Begin XCRemoteSwiftPackageReference section */
		AB3D2B9C29C9C70400BFB5B6 /* XCRemoteSwiftPackageReference "SDWebImage" */ = {
			isa = XCRemoteSwiftPackageReference;
			repositoryURL = "https://github.com/SDWebImage/SDWebImage";
			requirement = {
				kind = upToNextMajorVersion;
				minimumVersion = 5.0.0;
			};
		};
		AB5465D72A5D6B3000F9FA5E /* XCRemoteSwiftPackageReference "SwiftLint" */ = {
			isa = XCRemoteSwiftPackageReference;
			repositoryURL = "https://github.com/realm/SwiftLint.git";
			requirement = {
				kind = upToNextMajorVersion;
				minimumVersion = 0.52.4;
			};
		};
		ABF1828A29BCE5BF00DB650B /* XCRemoteSwiftPackageReference "firebase-ios-sdk" */ = {
			isa = XCRemoteSwiftPackageReference;
			repositoryURL = "https://github.com/firebase/firebase-ios-sdk";
			requirement = {
				kind = upToNextMajorVersion;
				minimumVersion = 9.0.0;
			};
		};
/* End XCRemoteSwiftPackageReference section */

/* Begin XCSwiftPackageProductDependency section */
		AB0C86532A54488F00AA9017 /* FirebaseFirestore */ = {
			isa = XCSwiftPackageProductDependency;
			package = ABF1828A29BCE5BF00DB650B /* XCRemoteSwiftPackageReference "firebase-ios-sdk" */;
			productName = FirebaseFirestore;
		};
		AB3D2B9D29C9C70400BFB5B6 /* SDWebImage */ = {
			isa = XCSwiftPackageProductDependency;
			package = AB3D2B9C29C9C70400BFB5B6 /* XCRemoteSwiftPackageReference "SDWebImage" */;
			productName = SDWebImage;
		};
		AB3D2B9F29C9C70400BFB5B6 /* SDWebImageMapKit */ = {
			isa = XCSwiftPackageProductDependency;
			package = AB3D2B9C29C9C70400BFB5B6 /* XCRemoteSwiftPackageReference "SDWebImage" */;
			productName = SDWebImageMapKit;
		};
		ABF1828B29BCE5BF00DB650B /* FirebaseAuth */ = {
			isa = XCSwiftPackageProductDependency;
			package = ABF1828A29BCE5BF00DB650B /* XCRemoteSwiftPackageReference "firebase-ios-sdk" */;
			productName = FirebaseAuth;
		};
/* End XCSwiftPackageProductDependency section */
	};
	rootObject = AB9045B929471C5D0056C36F /* Project object */;
}
